{
  "nodes": {
    "nixpkgs": {
      "locked": {
        "lastModified": 1787070829,
        "narHash": "sha256-vXNVDVtvfiQuXthP0NHPFdNvvMTkGpx0UP8oddIWbNk=",
        "owner": "NixOS",
        "repo": "nixpkgs",
        "rev": "0ae2bc1419c3f345984c2629e72e7a631820fa4d",
        "type": "github"
      },
      "original": {
        "owner": "NixOS",
        "repo": "nixpkgs",
        "rev": "0ae2bc1419c3f345984c2629e72e7a631820fa4d",
        "type": "github"
      }
    },
    "root": {
      "inputs": {
        "nixpkgs": "nixpkgs",
        "vim-src": "vim-src"
      }
    },
    "vim-src": {
      "flake": false,
      "locked": {
        "lastModified": 1778608701,
        "narHash": "sha256-7lg8iq+u/Psmp4SLQI66yR43dbt4m1sAP6Cpntjbqp0=",
        "owner": "vim",
        "repo": "vim",
        "rev": "8aecd377f08e9fbdf0092478ab7ec3ce5e0f04ec",
        "type": "github"
      },
      "original": {
        "owner": "vim",
        "ref": "v9.2.0478",
        "repo": "vim",
        "type": "github"
      }
    }
  },
  "root": "root",
  "version": 7
}
